
Microsoft Visual Studio Solution File, Format Version 12.00
# Visual Studio Version 17
VisualStudioVersion = 17.13.35806.99
MinimumVisualStudioVersion = 10.0.40219.1
Project("{FAE04EC0-301F-11D3-BF4B-00C04F79EFBC}") = "MetroOne.API", "MetroOne.Api\MetroOne.API.csproj", "{FFA44C83-3242-96FD-7429-C7BE4C61C7C1}"
EndProject
Project("{FAE04EC0-301F-11D3-BF4B-00C04F79EFBC}") = "MetroOne.BLL", "MetroOne.BLL\MetroOne.BLL.csproj", "{BFE61FDD-EFA7-754D-4958-5F5026FF7518}"
EndProject
Project("{FAE04EC0-301F-11D3-BF4B-00C04F79EFBC}") = "MetroOne.DAL", "MetroOne.DAL\MetroOne.DAL.csproj", "{14E4342B-4CCD-5DE7-7DEF-603254AA848F}"
EndProject
Project("{FAE04EC0-301F-11D3-BF4B-00C04F79EFBC}") = "MetroOne.DTO", "MetroOne.DTO\MetroOne.DTO.csproj", "{23C7BD2D-57CC-BE9A-9F20-8EE2592B8CCB}"
EndProject
Global
	GlobalSection(SolutionConfigurationPlatforms) = preSolution
		Debug|Any CPU = Debug|Any CPU
		Release|Any CPU = Release|Any CPU
	EndGlobalSection
	GlobalSection(ProjectConfigurationPlatforms) = postSolution
		{FFA44C83-3242-96FD-7429-C7BE4C61C7C1}.Debug|Any CPU.ActiveCfg = Debug|Any CPU
		{FFA44C83-3242-96FD-7429-C7BE4C61C7C1}.Debug|Any CPU.Build.0 = Debug|Any CPU
		{FFA44C83-3242-96FD-7429-C7BE4C61C7C1}.Release|Any CPU.ActiveCfg = Release|Any CPU
		{FFA44C83-3242-96FD-7429-C7BE4C61C7C1}.Release|Any CPU.Build.0 = Release|Any CPU
		{BFE61FDD-EFA7-754D-4958-5F5026FF7518}.Debug|Any CPU.ActiveCfg = Debug|Any CPU
		{BFE61FDD-EFA7-754D-4958-5F5026FF7518}.Debug|Any CPU.Build.0 = Debug|Any CPU
		{BFE61FDD-EFA7-754D-4958-5F5026FF7518}.Release|Any CPU.ActiveCfg = Release|Any CPU
		{BFE61FDD-EFA7-754D-4958-5F5026FF7518}.Release|Any CPU.Build.0 = Release|Any CPU
		{14E4342B-4CCD-5DE7-7DEF-603254AA848F}.Debug|Any CPU.ActiveCfg = Debug|Any CPU
		{14E4342B-4CCD-5DE7-7DEF-603254AA848F}.Debug|Any CPU.Build.0 = Debug|Any CPU
		{14E4342B-4CCD-5DE7-7DEF-603254AA848F}.Release|Any CPU.ActiveCfg = Release|Any CPU
		{14E4342B-4CCD-5DE7-7DEF-603254AA848F}.Release|Any CPU.Build.0 = Release|Any CPU
		{23C7BD2D-57CC-BE9A-9F20-8EE2592B8CCB}.Debug|Any CPU.ActiveCfg = Debug|Any CPU
		{23C7BD2D-57CC-BE9A-9F20-8EE2592B8CCB}.Debug|Any CPU.Build.0 = Debug|Any CPU
		{23C7BD2D-57CC-BE9A-9F20-8EE2592B8CCB}.Release|Any CPU.ActiveCfg = Release|Any CPU
		{23C7BD2D-57CC-BE9A-9F20-8EE2592B8CCB}.Release|Any CPU.Build.0 = Release|Any CPU
	EndGlobalSection
	GlobalSection(SolutionProperties) = preSolution
		HideSolutionNode = FALSE
	EndGlobalSection
	GlobalSection(ExtensibilityGlobals) = postSolution
		SolutionGuid = {4A7DFC9A-33CF-4E6D-8D6A-83CBD2654A50}
	EndGlobalSection
EndGlobal
